
Microsoft Visual Studio Solution File, Format Version 12.00
# Visual Studio Version 17
VisualStudioVersion = 17.3.32929.385
MinimumVisualStudioVersion = 10.0.40219.1
Project("{FAE04EC0-301F-11D3-BF4B-00C04F79EFBC}") = "CSharpBestPractices", "CSharpBestPractices\CSharpBestPractices.csproj", "{F7BC0CCF-39EC-4E65-B839-3B32AE9784AF}"
EndProject
Global
	GlobalSection(SolutionConfigurationPlatforms) = preSolution
		Debug|Any CPU = Debug|Any CPU
		Release|Any CPU = Release|Any CPU
	EndGlobalSection
	GlobalSection(ProjectConfigurationPlatforms) = postSolution
		{F7BC0CCF-39EC-4E65-B839-3B32AE9784AF}.Debug|Any CPU.ActiveCfg = Debug|Any CPU
		{F7BC0CCF-39EC-4E65-B839-3B32AE9784AF}.Debug|Any CPU.Build.0 = Debug|Any CPU
		{F7BC0CCF-39EC-4E65-B839-3B32AE9784AF}.Release|Any CPU.ActiveCfg = Release|Any CPU
		{F7BC0CCF-39EC-4E65-B839-3B32AE9784AF}.Release|Any CPU.Build.0 = Release|Any CPU
	EndGlobalSection
	GlobalSection(SolutionProperties) = preSolution
		HideSolutionNode = FALSE
	EndGlobalSection
	GlobalSection(ExtensibilityGlobals) = postSolution
		SolutionGuid = {37609AF0-B354-4E66-B227-D639D7144960}
	EndGlobalSection
EndGlobal
